// !$*UTF8*$!
{
	archiveVersion = 1;
	classes = {
	};
	objectVersion = 56;
	objects = {

/* Begin PBXBuildFile section */
		255CFD0028EBA8A000B3E6DA /* FirebaseAuth in Frameworks */ = {isa = PBXBuildFile; productRef = 255CFCFF28EBA8A000B3E6DA /* FirebaseAuth */; };
		255CFD0228EBA8A000B3E6DA /* FirebaseDatabase in Frameworks */ = {isa = PBXBuildFile; productRef = 255CFD0128EBA8A000B3E6DA /* FirebaseDatabase */; };
		255CFD0428EBA8A000B3E6DA /* FirebaseStorage in Frameworks */ = {isa = PBXBuildFile; productRef = 255CFD0328EBA8A000B3E6DA /* FirebaseStorage */; };
		255CFD0628EBC03600B3E6DA /* LocationCell.swift in Sources */ = {isa = PBXBuildFile; fileRef = 255CFD0528EBC03600B3E6DA /* LocationCell.swift */; };
		256C92DD28E407E9009A0F2B /* SignUpController.swift in Sources */ = {isa = PBXBuildFile; fileRef = 256C92DC28E407E9009A0F2B /* SignUpController.swift */; };
		256C930028E51401009A0F2B /* GoogleService-Info.plist in Resources */ = {isa = PBXBuildFile; fileRef = 256C92FF28E51401009A0F2B /* GoogleService-Info.plist */; };
		256C930528E52D81009A0F2B /* AuthButton.swift in Sources */ = {isa = PBXBuildFile; fileRef = 256C930428E52D81009A0F2B /* AuthButton.swift */; };
		256C93BE28E7CC6F009A0F2B /* HomeController.swift in Sources */ = {isa = PBXBuildFile; fileRef = 256C93BD28E7CC6F009A0F2B /* HomeController.swift */; };
		256C940128E8FB3C009A0F2B /* LocationInputActivationView.swift in Sources */ = {isa = PBXBuildFile; fileRef = 256C940028E8FB3C009A0F2B /* LocationInputActivationView.swift */; };
		256C940328E904F3009A0F2B /* LocationInputView.swift in Sources */ = {isa = PBXBuildFile; fileRef = 256C940228E904F3009A0F2B /* LocationInputView.swift */; };
		25E7D4F428E1491000F7CEDB /* AppDelegate.swift in Sources */ = {isa = PBXBuildFile; fileRef = 25E7D4F328E1491000F7CEDB /* AppDelegate.swift */; };
		25E7D4F628E1491000F7CEDB /* SceneDelegate.swift in Sources */ = {isa = PBXBuildFile; fileRef = 25E7D4F528E1491000F7CEDB /* SceneDelegate.swift */; };
		25E7D4FB28E1491000F7CEDB /* Main.storyboard in Resources */ = {isa = PBXBuildFile; fileRef = 25E7D4F928E1491000F7CEDB /* Main.storyboard */; };
		25E7D4FD28E1491100F7CEDB /* Assets.xcassets in Resources */ = {isa = PBXBuildFile; fileRef = 25E7D4FC28E1491100F7CEDB /* Assets.xcassets */; };
		25E7D50028E1491100F7CEDB /* LaunchScreen.storyboard in Resources */ = {isa = PBXBuildFile; fileRef = 25E7D4FE28E1491100F7CEDB /* LaunchScreen.storyboard */; };
		25E7D50D28E149D400F7CEDB /* LoginController.swift in Sources */ = {isa = PBXBuildFile; fileRef = 25E7D50C28E149D400F7CEDB /* LoginController.swift */; };
		25E7D50F28E15EFE00F7CEDB /* Extensions.swift in Sources */ = {isa = PBXBuildFile; fileRef = 25E7D50E28E15EFD00F7CEDB /* Extensions.swift */; };
/* End PBXBuildFile section */

/* Begin PBXFileReference section */
		255CFD0528EBC03600B3E6DA /* LocationCell.swift */ = {isa = PBXFileReference; lastKnownFileType = sourcecode.swift; path = LocationCell.swift; sourceTree = "<group>"; };
		256C92DC28E407E9009A0F2B /* SignUpController.swift */ = {isa = PBXFileReference; lastKnownFileType = sourcecode.swift; path = SignUpController.swift; sourceTree = "<group>"; };
		256C92FF28E51401009A0F2B /* GoogleService-Info.plist */ = {isa = PBXFileReference; fileEncoding = 4; lastKnownFileType = text.plist.xml; path = "GoogleService-Info.plist"; sourceTree = "<group>"; };
		256C930428E52D81009A0F2B /* AuthButton.swift */ = {isa = PBXFileReference; lastKnownFileType = sourcecode.swift; path = AuthButton.swift; sourceTree = "<group>"; };
		256C93BD28E7CC6F009A0F2B /* HomeController.swift */ = {isa = PBXFileReference; lastKnownFileType = sourcecode.swift; path = HomeController.swift; sourceTree = "<group>"; };
		256C940028E8FB3C009A0F2B /* LocationInputActivationView.swift */ = {isa = PBXFileReference; lastKnownFileType = sourcecode.swift; path = LocationInputActivationView.swift; sourceTree = "<group>"; };
		256C940228E904F3009A0F2B /* LocationInputView.swift */ = {isa = PBXFileReference; lastKnownFileType = sourcecode.swift; path = LocationInputView.swift; sourceTree = "<group>"; };
		25E7D4F028E1491000F7CEDB /* UberUikit.app */ = {isa = PBXFileReference; explicitFileType = wrapper.application; includeInIndex = 0; path = UberUikit.app; sourceTree = BUILT_PRODUCTS_DIR; };
		25E7D4F328E1491000F7CEDB /* AppDelegate.swift */ = {isa = PBXFileReference; lastKnownFileType = sourcecode.swift; path = AppDelegate.swift; sourceTree = "<group>"; };
		25E7D4F528E1491000F7CEDB /* SceneDelegate.swift */ = {isa = PBXFileReference; lastKnownFileType = sourcecode.swift; path = SceneDelegate.swift; sourceTree = "<group>"; };
		25E7D4FA28E1491000F7CEDB /* Base */ = {isa = PBXFileReference; lastKnownFileType = file.storyboard; name = Base; path = Base.lproj/Main.storyboard; sourceTree = "<group>"; };
		25E7D4FC28E1491100F7CEDB /* Assets.xcassets */ = {isa = PBXFileReference; lastKnownFileType = folder.assetcatalog; path = Assets.xcassets; sourceTree = "<group>"; };
		25E7D4FF28E1491100F7CEDB /* Base */ = {isa = PBXFileReference; lastKnownFileType = file.storyboard; name = Base; path = Base.lproj/LaunchScreen.storyboard; sourceTree = "<group>"; };
		25E7D50128E1491100F7CEDB /* Info.plist */ = {isa = PBXFileReference; lastKnownFileType = text.plist.xml; path = Info.plist; sourceTree = "<group>"; };
		25E7D50C28E149D400F7CEDB /* LoginController.swift */ = {isa = PBXFileReference; lastKnownFileType = sourcecode.swift; path = LoginController.swift; sourceTree = "<group>"; };
		25E7D50E28E15EFD00F7CEDB /* Extensions.swift */ = {isa = PBXFileReference; lastKnownFileType = sourcecode.swift; path = Extensions.swift; sourceTree = "<group>"; };
/* End PBXFileReference section */

/* Begin PBXFrameworksBuildPhase section */
		25E7D4ED28E1491000F7CEDB /* Frameworks */ = {
			isa = PBXFrameworksBuildPhase;
			buildActionMask = 2147483647;
			files = (
				255CFD0228EBA8A000B3E6DA /* FirebaseDatabase in Frameworks */,
				255CFD0028EBA8A000B3E6DA /* FirebaseAuth in Frameworks */,
				255CFD0428EBA8A000B3E6DA /* FirebaseStorage in Frameworks */,
			);
			runOnlyForDeploymentPostprocessing = 0;
		};
/* End PBXFrameworksBuildPhase section */

/* Begin PBXGroup section */
		25E7D4E728E1491000F7CEDB = {
			isa = PBXGroup;
			children = (
				25E7D4F228E1491000F7CEDB /* UberUikit */,
				25E7D4F128E1491000F7CEDB /* Products */,
			);
			sourceTree = "<group>";
		};
		25E7D4F128E1491000F7CEDB /* Products */ = {
			isa = PBXGroup;
			children = (
				25E7D4F028E1491000F7CEDB /* UberUikit.app */,
			);
			name = Products;
			sourceTree = "<group>";
		};
		25E7D4F228E1491000F7CEDB /* UberUikit */ = {
			isa = PBXGroup;
			children = (
				25E7D50B28E1494500F7CEDB /* Model */,
				25E7D50A28E1494200F7CEDB /* View */,
				25E7D50928E1494100F7CEDB /* Controller */,
				25E7D50828E1493F00F7CEDB /* Service */,
				25E7D50728E1493900F7CEDB /* Utils */,
				25E7D4F328E1491000F7CEDB /* AppDelegate.swift */,
				25E7D4F528E1491000F7CEDB /* SceneDelegate.swift */,
				25E7D4F928E1491000F7CEDB /* Main.storyboard */,
				25E7D4FC28E1491100F7CEDB /* Assets.xcassets */,
				25E7D4FE28E1491100F7CEDB /* LaunchScreen.storyboard */,
				25E7D50128E1491100F7CEDB /* Info.plist */,
				256C92FF28E51401009A0F2B /* GoogleService-Info.plist */,
			);
			path = UberUikit;
			sourceTree = "<group>";
		};
		25E7D50728E1493900F7CEDB /* Utils */ = {
			isa = PBXGroup;
			children = (
				25E7D50E28E15EFD00F7CEDB /* Extensions.swift */,
			);
			path = Utils;
			sourceTree = "<group>";
		};
		25E7D50828E1493F00F7CEDB /* Service */ = {
			isa = PBXGroup;
			children = (
			);
			path = Service;
			sourceTree = "<group>";
		};
		25E7D50928E1494100F7CEDB /* Controller */ = {
			isa = PBXGroup;
			children = (
				25E7D50C28E149D400F7CEDB /* LoginController.swift */,
				256C92DC28E407E9009A0F2B /* SignUpController.swift */,
				256C93BD28E7CC6F009A0F2B /* HomeController.swift */,
			);
			path = Controller;
			sourceTree = "<group>";
		};
		25E7D50A28E1494200F7CEDB /* View */ = {
			isa = PBXGroup;
			children = (
				256C930428E52D81009A0F2B /* AuthButton.swift */,
				256C940028E8FB3C009A0F2B /* LocationInputActivationView.swift */,
				256C940228E904F3009A0F2B /* LocationInputView.swift */,
				255CFD0528EBC03600B3E6DA /* LocationCell.swift */,
			);
			path = View;
			sourceTree = "<group>";
		};
		25E7D50B28E1494500F7CEDB /* Model */ = {
			isa = PBXGroup;
			children = (
			);
			path = Model;
			sourceTree = "<group>";
		};
/* End PBXGroup section */

/* Begin PBXNativeTarget section */
		25E7D4EF28E1491000F7CEDB /* UberUikit */ = {
			isa = PBXNativeTarget;
			buildConfigurationList = 25E7D50428E1491100F7CEDB /* Build configuration list for PBXNativeTarget "UberUikit" */;
			buildPhases = (
				25E7D4EC28E1491000F7CEDB /* Sources */,
				25E7D4ED28E1491000F7CEDB /* Frameworks */,
				25E7D4EE28E1491000F7CEDB /* Resources */,
			);
			buildRules = (
			);
			dependencies = (
			);
			name = UberUikit;
			packageProductDependencies = (
				255CFCFF28EBA8A000B3E6DA /* FirebaseAuth */,
				255CFD0128EBA8A000B3E6DA /* FirebaseDatabase */,
				255CFD0328EBA8A000B3E6DA /* FirebaseStorage */,
			);
			productName = UberUikit;
			productReference = 25E7D4F028E1491000F7CEDB /* UberUikit.app */;
			productType = "com.apple.product-type.application";
		};
/* End PBXNativeTarget section */

/* Begin PBXProject section */
		25E7D4E828E1491000F7CEDB /* Project object */ = {
			isa = PBXProject;
			attributes = {
				BuildIndependentTargetsInParallel = 1;
				LastSwiftUpdateCheck = 1400;
				LastUpgradeCheck = 1400;
				TargetAttributes = {
					25E7D4EF28E1491000F7CEDB = {
						CreatedOnToolsVersion = 14.0;
					};
				};
			};
			buildConfigurationList = 25E7D4EB28E1491000F7CEDB /* Build configuration list for PBXProject "UberUikit" */;
			compatibilityVersion = "Xcode 14.0";
			developmentRegion = en;
			hasScannedForEncodings = 0;
			knownRegions = (
				en,
				Base,
			);
			mainGroup = 25E7D4E728E1491000F7CEDB;
			packageReferences = (
				255CFCFE28EBA8A000B3E6DA /* XCRemoteSwiftPackageReference "firebase-ios-sdk" */,
			);
			productRefGroup = 25E7D4F128E1491000F7CEDB /* Products */;
			projectDirPath = "";
			projectRoot = "";
			targets = (
				25E7D4EF28E1491000F7CEDB /* UberUikit */,
			);
		};
/* End PBXProject section */

/* Begin PBXResourcesBuildPhase section */
		25E7D4EE28E1491000F7CEDB /* Resources */ = {
			isa = PBXResourcesBuildPhase;
			buildActionMask = 2147483647;
			files = (
				25E7D50028E1491100F7CEDB /* LaunchScreen.storyboard in Resources */,
				25E7D4FD28E1491100F7CEDB /* Assets.xcassets in Resources */,
				25E7D4FB28E1491000F7CEDB /* Main.storyboard in Resources */,
				256C930028E51401009A0F2B /* GoogleService-Info.plist in Resources */,
			);
			runOnlyForDeploymentPostprocessing = 0;
		};
/* End PBXResourcesBuildPhase section */

/* Begin PBXSourcesBuildPhase section */
		25E7D4EC28E1491000F7CEDB /* Sources */ = {
			isa = PBXSourcesBuildPhase;
			buildActionMask = 2147483647;
			files = (
				256C92DD28E407E9009A0F2B /* SignUpController.swift in Sources */,
				256C930528E52D81009A0F2B /* AuthButton.swift in Sources */,
				256C93BE28E7CC6F009A0F2B /* HomeController.swift in Sources */,
				256C940328E904F3009A0F2B /* LocationInputView.swift in Sources */,
				25E7D4F428E1491000F7CEDB /* AppDelegate.swift in Sources */,
				25E7D50D28E149D400F7CEDB /* LoginController.swift in Sources */,
				255CFD0628EBC03600B3E6DA /* LocationCell.swift in Sources */,
				25E7D4F628E1491000F7CEDB /* SceneDelegate.swift in Sources */,
				256C940128E8FB3C009A0F2B /* LocationInputActivationView.swift in Sources */,
				25E7D50F28E15EFE00F7CEDB /* Extensions.swift in Sources */,
			);
			runOnlyForDeploymentPostprocessing = 0;
		};
/* End PBXSourcesBuildPhase section */

/* Begin PBXVariantGroup section */
		25E7D4F928E1491000F7CEDB /* Main.storyboard */ = {
			isa = PBXVariantGroup;
			children = (
				25E7D4FA28E1491000F7CEDB /* Base */,
			);
			name = Main.storyboard;
			sourceTree = "<group>";
		};
		25E7D4FE28E1491100F7CEDB /* LaunchScreen.storyboard */ = {
			isa = PBXVariantGroup;
			children = (
				25E7D4FF28E1491100F7CEDB /* Base */,
			);
			name = LaunchScreen.storyboard;
			sourceTree = "<group>";
		};
/* End PBXVariantGroup section */

/* Begin XCBuildConfiguration section */
		25E7D50228E1491100F7CEDB /* Debug */ = {
			isa = XCBuildConfiguration;
			buildSettings = {
				ALWAYS_SEARCH_USER_PATHS = NO;
				CLANG_ANALYZER_NONNULL = YES;
				CLANG_ANALYZER_NUMBER_OBJECT_CONVERSION = YES_AGGRESSIVE;
				CLANG_CXX_LANGUAGE_STANDARD = "gnu++20";
				CLANG_ENABLE_MODULES = YES;
				CLANG_ENABLE_OBJC_ARC = YES;
				CLANG_ENABLE_OBJC_WEAK = YES;
				CLANG_WARN_BLOCK_CAPTURE_AUTORELEASING = YES;
				CLANG_WARN_BOOL_CONVERSION = YES;
				CLANG_WARN_COMMA = YES;
				CLANG_WARN_CONSTANT_CONVERSION = YES;
				CLANG_WARN_DEPRECATED_OBJC_IMPLEMENTATIONS = YES;
				CLANG_WARN_DIRECT_OBJC_ISA_USAGE = YES_ERROR;
				CLANG_WARN_DOCUMENTATION_COMMENTS = YES;
				CLANG_WARN_EMPTY_BODY = YES;
				CLANG_WARN_ENUM_CONVERSION = YES;
				CLANG_WARN_INFINITE_RECURSION = YES;
				CLANG_WARN_INT_CONVERSION = YES;
				CLANG_WARN_NON_LITERAL_NULL_CONVERSION = YES;
				CLANG_WARN_OBJC_IMPLICIT_RETAIN_SELF = YES;
				CLANG_WARN_OBJC_LITERAL_CONVERSION = YES;
				CLANG_WARN_OBJC_ROOT_CLASS = YES_ERROR;
				CLANG_WARN_QUOTED_INCLUDE_IN_FRAMEWORK_HEADER = YES;
				CLANG_WARN_RANGE_LOOP_ANALYSIS = YES;
				CLANG_WARN_STRICT_PROTOTYPES = YES;
				CLANG_WARN_SUSPICIOUS_MOVE = YES;
				CLANG_WARN_UNGUARDED_AVAILABILITY = YES_AGGRESSIVE;
				CLANG_WARN_UNREACHABLE_CODE = YES;
				CLANG_WARN__DUPLICATE_METHOD_MATCH = YES;
				COPY_PHASE_STRIP = NO;
				DEBUG_INFORMATION_FORMAT = dwarf;
				ENABLE_STRICT_OBJC_MSGSEND = YES;
				ENABLE_TESTABILITY = YES;
				GCC_C_LANGUAGE_STANDARD = gnu11;
				GCC_DYNAMIC_NO_PIC = NO;
				GCC_NO_COMMON_BLOCKS = YES;
				GCC_OPTIMIZATION_LEVEL = 0;
				GCC_PREPROCESSOR_DEFINITIONS = (
					"DEBUG=1",
					"$(inherited)",
				);
				GCC_WARN_64_TO_32_BIT_CONVERSION = YES;
				GCC_WARN_ABOUT_RETURN_TYPE = YES_ERROR;
				GCC_WARN_UNDECLARED_SELECTOR = YES;
				GCC_WARN_UNINITIALIZED_AUTOS = YES_AGGRESSIVE;
				GCC_WARN_UNUSED_FUNCTION = YES;
				GCC_WARN_UNUSED_VARIABLE = YES;
				IPHONEOS_DEPLOYMENT_TARGET = 16.0;
				MTL_ENABLE_DEBUG_INFO = INCLUDE_SOURCE;
				MTL_FAST_MATH = YES;
				ONLY_ACTIVE_ARCH = YES;
				SDKROOT = iphoneos;
				SWIFT_ACTIVE_COMPILATION_CONDITIONS = DEBUG;
				SWIFT_OPTIMIZATION_LEVEL = "-Onone";
			};
			name = Debug;
		};
		25E7D50328E1491100F7CEDB /* Release */ = {
			isa = XCBuildConfiguration;
			buildSettings = {
				ALWAYS_SEARCH_USER_PATHS = NO;
				CLANG_ANALYZER_NONNULL = YES;
				CLANG_ANALYZER_NUMBER_OBJECT_CONVERSION = YES_AGGRESSIVE;
				CLANG_CXX_LANGUAGE_STANDARD = "gnu++20";
				CLANG_ENABLE_MODULES = YES;
				CLANG_ENABLE_OBJC_ARC = YES;
				CLANG_ENABLE_OBJC_WEAK = YES;
				CLANG_WARN_BLOCK_CAPTURE_AUTORELEASING = YES;
				CLANG_WARN_BOOL_CONVERSION = YES;
				CLANG_WARN_COMMA = YES;
				CLANG_WARN_CONSTANT_CONVERSION = YES;
				CLANG_WARN_DEPRECATED_OBJC_IMPLEMENTATIONS = YES;
				CLANG_WARN_DIRECT_OBJC_ISA_USAGE = YES_ERROR;
				CLANG_WARN_DOCUMENTATION_COMMENTS = YES;
				CLANG_WARN_EMPTY_BODY = YES;
				CLANG_WARN_ENUM_CONVERSION = YES;
				CLANG_WARN_INFINITE_RECURSION = YES;
				CLANG_WARN_INT_CONVERSION = YES;
				CLANG_WARN_NON_LITERAL_NULL_CONVERSION = YES;
				CLANG_WARN_OBJC_IMPLICIT_RETAIN_SELF = YES;
				CLANG_WARN_OBJC_LITERAL_CONVERSION = YES;
				CLANG_WARN_OBJC_ROOT_CLASS = YES_ERROR;
				CLANG_WARN_QUOTED_INCLUDE_IN_FRAMEWORK_HEADER = YES;
				CLANG_WARN_RANGE_LOOP_ANALYSIS = YES;
				CLANG_WARN_STRICT_PROTOTYPES = YES;
				CLANG_WARN_SUSPICIOUS_MOVE = YES;
				CLANG_WARN_UNGUARDED_AVAILABILITY = YES_AGGRESSIVE;
				CLANG_WARN_UNREACHABLE_CODE = YES;
				CLANG_WARN__DUPLICATE_METHOD_MATCH = YES;
				COPY_PHASE_STRIP = NO;
				DEBUG_INFORMATION_FORMAT = "dwarf-with-dsym";
				ENABLE_NS_ASSERTIONS = NO;
				ENABLE_STRICT_OBJC_MSGSEND = YES;
				GCC_C_LANGUAGE_STANDARD = gnu11;
				GCC_NO_COMMON_BLOCKS = YES;
				GCC_WARN_64_TO_32_BIT_CONVERSION = YES;
				GCC_WARN_ABOUT_RETURN_TYPE = YES_ERROR;
				GCC_WARN_UNDECLARED_SELECTOR = YES;
				GCC_WARN_UNINITIALIZED_AUTOS = YES_AGGRESSIVE;
				GCC_WARN_UNUSED_FUNCTION = YES;
				GCC_WARN_UNUSED_VARIABLE = YES;
				IPHONEOS_DEPLOYMENT_TARGET = 16.0;
				MTL_ENABLE_DEBUG_INFO = NO;
				MTL_FAST_MATH = YES;
				SDKROOT = iphoneos;
				SWIFT_COMPILATION_MODE = wholemodule;
				SWIFT_OPTIMIZATION_LEVEL = "-O";
				VALIDATE_PRODUCT = YES;
			};
			name = Release;
		};
		25E7D50528E1491100F7CEDB /* Debug */ = {
			isa = XCBuildConfiguration;
			buildSettings = {
				ASSETCATALOG_COMPILER_APPICON_NAME = AppIcon;
				ASSETCATALOG_COMPILER_GLOBAL_ACCENT_COLOR_NAME = AccentColor;
				CODE_SIGN_STYLE = Automatic;
				CURRENT_PROJECT_VERSION = 1;
				DEVELOPMENT_TEAM = 7SA8N5B57Q;
				GENERATE_INFOPLIST_FILE = YES;
				INFOPLIST_FILE = UberUikit/Info.plist;
				INFOPLIST_KEY_UIApplicationSupportsIndirectInputEvents = YES;
				INFOPLIST_KEY_UILaunchStoryboardName = LaunchScreen;
				INFOPLIST_KEY_UIMainStoryboardFile = Main;
				INFOPLIST_KEY_UISupportedInterfaceOrientations_iPad = "UIInterfaceOrientationPortrait UIInterfaceOrientationPortraitUpsideDown UIInterfaceOrientationLandscapeLeft UIInterfaceOrientationLandscapeRight";
				INFOPLIST_KEY_UISupportedInterfaceOrientations_iPhone = "UIInterfaceOrientationPortrait UIInterfaceOrientationLandscapeLeft UIInterfaceOrientationLandscapeRight";
				LD_RUNPATH_SEARCH_PATHS = (
					"$(inherited)",
					"@executable_path/Frameworks",
				);
				MARKETING_VERSION = 1.0;
				PRODUCT_BUNDLE_IDENTIFIER = com.aliapps.UberUikit;
				PRODUCT_NAME = "$(TARGET_NAME)";
				SWIFT_EMIT_LOC_STRINGS = YES;
				SWIFT_VERSION = 5.0;
				TARGETED_DEVICE_FAMILY = "1,2";
			};
			name = Debug;
		};
		25E7D50628E1491100F7CEDB /* Release */ = {
			isa = XCBuildConfiguration;
			buildSettings = {
				ASSETCATALOG_COMPILER_APPICON_NAME = AppIcon;
				ASSETCATALOG_COMPILER_GLOBAL_ACCENT_COLOR_NAME = AccentColor;
				CODE_SIGN_STYLE = Automatic;
				CURRENT_PROJECT_VERSION = 1;
				DEVELOPMENT_TEAM = 7SA8N5B57Q;
				GENERATE_INFOPLIST_FILE = YES;
				INFOPLIST_FILE = UberUikit/Info.plist;
				INFOPLIST_KEY_UIApplicationSupportsIndirectInputEvents = YES;
				INFOPLIST_KEY_UILaunchStoryboardName = LaunchScreen;
				INFOPLIST_KEY_UIMainStoryboardFile = Main;
				INFOPLIST_KEY_UISupportedInterfaceOrientations_iPad = "UIInterfaceOrientationPortrait UIInterfaceOrientationPortraitUpsideDown UIInterfaceOrientationLandscapeLeft UIInterfaceOrientationLandscapeRight";
				INFOPLIST_KEY_UISupportedInterfaceOrientations_iPhone = "UIInterfaceOrientationPortrait UIInterfaceOrientationLandscapeLeft UIInterfaceOrientationLandscapeRight";
				LD_RUNPATH_SEARCH_PATHS = (
					"$(inherited)",
					"@executable_path/Frameworks",
				);
				MARKETING_VERSION = 1.0;
				PRODUCT_BUNDLE_IDENTIFIER = com.aliapps.UberUikit;
				PRODUCT_NAME = "$(TARGET_NAME)";
				SWIFT_EMIT_LOC_STRINGS = YES;
				SWIFT_VERSION = 5.0;
				TARGETED_DEVICE_FAMILY = "1,2";
			};
			name = Release;
		};
/* End XCBuildConfiguration section */

/* Begin XCConfigurationList section */
		25E7D4EB28E1491000F7CEDB /* Build configuration list for PBXProject "UberUikit" */ = {
			isa = XCConfigurationList;
			buildConfigurations = (
				25E7D50228E1491100F7CEDB /* Debug */,
				25E7D50328E1491100F7CEDB /* Release */,
			);
			defaultConfigurationIsVisible = 0;
			defaultConfigurationName = Release;
		};
		25E7D50428E1491100F7CEDB /* Build configuration list for PBXNativeTarget "UberUikit" */ = {
			isa = XCConfigurationList;
			buildConfigurations = (
				25E7D50528E1491100F7CEDB /* Debug */,
				25E7D50628E1491100F7CEDB /* Release */,
			);
			defaultConfigurationIsVisible = 0;
			defaultConfigurationName = Release;
		};
/* End XCConfigurationList section */

/* Begin XCRemoteSwiftPackageReference section */
		255CFCFE28EBA8A000B3E6DA /* XCRemoteSwiftPackageReference "firebase-ios-sdk" */ = {
			isa = XCRemoteSwiftPackageReference;
			repositoryURL = "https://github.com/firebase/firebase-ios-sdk";
			requirement = {
				kind = upToNextMajorVersion;
				minimumVersion = 9.0.0;
			};
		};
/* End XCRemoteSwiftPackageReference section */

/* Begin XCSwiftPackageProductDependency section */
		255CFCFF28EBA8A000B3E6DA /* FirebaseAuth */ = {
			isa = XCSwiftPackageProductDependency;
			package = 255CFCFE28EBA8A000B3E6DA /* XCRemoteSwiftPackageReference "firebase-ios-sdk" */;
			productName = FirebaseAuth;
		};
		255CFD0128EBA8A000B3E6DA /* FirebaseDatabase */ = {
			isa = XCSwiftPackageProductDependency;
			package = 255CFCFE28EBA8A000B3E6DA /* XCRemoteSwiftPackageReference "firebase-ios-sdk" */;
			productName = FirebaseDatabase;
		};
		255CFD0328EBA8A000B3E6DA /* FirebaseStorage */ = {
			isa = XCSwiftPackageProductDependency;
			package = 255CFCFE28EBA8A000B3E6DA /* XCRemoteSwiftPackageReference "firebase-ios-sdk" */;
			productName = FirebaseStorage;
		};
/* End XCSwiftPackageProductDependency section */
	};
	rootObject = 25E7D4E828E1491000F7CEDB /* Project object */;
}
